
Microsoft Visual Studio Solution File, Format Version 12.00
# Visual Studio Version 17
VisualStudioVersion = 17.10.35122.118
MinimumVisualStudioVersion = 10.0.40219.1
Project("{9A19103F-16F7-4668-BE54-9A1E7A4F7556}") = "NotificationService", "NotificationService.csproj", "{B99FEEE4-CD93-4C56-AA5E-06AA9E982395}"
EndProject
Global
	GlobalSection(SolutionConfigurationPlatforms) = preSolution
		Debug|Any CPU = Debug|Any CPU
		Release|Any CPU = Release|Any CPU
	EndGlobalSection
	GlobalSection(ProjectConfigurationPlatforms) = postSolution
		{B99FEEE4-CD93-4C56-AA5E-06AA9E982395}.Debug|Any CPU.ActiveCfg = Debug|Any CPU
		{B99FEEE4-CD93-4C56-AA5E-06AA9E982395}.Debug|Any CPU.Build.0 = Debug|Any CPU
		{B99FEEE4-CD93-4C56-AA5E-06AA9E982395}.Release|Any CPU.ActiveCfg = Release|Any CPU
		{B99FEEE4-CD93-4C56-AA5E-06AA9E982395}.Release|Any CPU.Build.0 = Release|Any CPU
	EndGlobalSection
	GlobalSection(SolutionProperties) = preSolution
		HideSolutionNode = FALSE
	EndGlobalSection
	GlobalSection(ExtensibilityGlobals) = postSolution
		SolutionGuid = {0B28F258-99E2-4929-8173-7327EDA3125F}
	EndGlobalSection
EndGlobal
